{
  "version": 4,
  "terraform_version": "1.3.9",
  "serial": 15,
  "lineage": "a06ba2f6-ff4c-b795-edf4-4d128d5ccd93",
  "outputs": {
    "aws_ec2_instances": {
      "value": 4,
      "type": "number"
    },
    "region_name": {
      "value": "mumbai",
      "type": "string"
    }
  },
  "resources": [
    {
      "mode": "managed",
      "type": "local_file",
      "name": "devops",
      "provider": "provider[\"registry.terraform.io/hashicorp/local\"]",
      "instances": [
        {
          "schema_version": 0,
          "attributes": {
            "content": "this is first content",
            "content_base64": null,
            "content_base64sha256": "eeN4v20JFyfI4SscGIQkI7xyQin8TDLgpMePbP3kdYI=",
            "content_base64sha512": "7d4ydIcrSdL9AX3ubC3sRt/1bRRWV3y1xozoiyCZpK0yTZNYXmqrWntW88lLnhFAphoCWdLvuG/gfcUf0Mnp7A==",
            "content_md5": "34928a4bd0a4256192c8a4a89fbae391",
            "content_sha1": "19baf0a39c34b46f9a65e70ab156dce20f4faa14",
            "content_sha256": "79e378bf6d091727c8e12b1c18842423bc724229fc4c32e0a4c78f6cfde47582",
            "content_sha512": "edde3274872b49d2fd017dee6c2dec46dff56d1456577cb5c68ce88b2099a4ad324d93585e6aab5a7b56f3c94b9e1140a61a0259d2efb86fe07dc51fd0c9e9ec",
            "directory_permission": "0777",
            "file_permission": "0777",
            "filename": "/home/ubuntu/terraform-variables/file1.txt",
            "id": "19baf0a39c34b46f9a65e70ab156dce20f4faa14",
            "sensitive_content": null,
            "source": null
          },
          "sensitive_attributes": []
        }
      ]
    },
    {
      "mode": "managed",
      "type": "local_file",
      "name": "devops-var",
      "provider": "provider[\"registry.terraform.io/hashicorp/local\"]",
      "instances": [
        {
          "schema_version": 0,
          "attributes": {
            "content": "this is second content",
            "content_base64": null,
            "content_base64sha256": "etvKiJaIuudYLufhUPcP/BQlRp51sOw4sxf/xhyzXNk=",
            "content_base64sha512": "JLYFoGObX1PJtSpkHUurNDvmDHZEYhBSzgZdEcu1PkuaQZ1FRWhaQq0HYUE0LAdjYknAMlLU6QO4cWjNM1HObQ==",
            "content_md5": "7012babaf1475c47d98700d520ff7a6b",
            "content_sha1": "b3e99ca7a2ad7184683eb1f38c299014ea2e7d17",
            "content_sha256": "7adbca889688bae7582ee7e150f70ffc1425469e75b0ec38b317ffc61cb35cd9",
            "content_sha512": "24b605a0639b5f53c9b52a641d4bab343be60c7644621052ce065d11cbb53e4b9a419d4545685a42ad076141342c07636249c03252d4e903b87168cd3351ce6d",
            "directory_permission": "0777",
            "file_permission": "0777",
            "filename": "/home/ubuntu/terraform-variables/file2.txt",
            "id": "b3e99ca7a2ad7184683eb1f38c299014ea2e7d17",
            "sensitive_content": null,
            "source": null
          },
          "sensitive_attributes": []
        }
      ]
    }
  ],
  "check_results": null
}
